
Microsoft Visual Studio Solution File, Format Version 12.00
# Visual Studio Version 17
VisualStudioVersion = 17.14.36518.9 d17.14
MinimumVisualStudioVersion = 10.0.40219.1
Project("{FAE04EC0-301F-11D3-BF4B-00C04F79EFBC}") = "VM_S4L4", "VM_S4L4\VM_S4L4.csproj", "{E202CC45-4341-4870-A559-C6B50299BCEA}"
EndProject
Global
	GlobalSection(SolutionConfigurationPlatforms) = preSolution
		Debug|Any CPU = Debug|Any CPU
		Release|Any CPU = Release|Any CPU
	EndGlobalSection
	GlobalSection(ProjectConfigurationPlatforms) = postSolution
		{E202CC45-4341-4870-A559-C6B50299BCEA}.Debug|Any CPU.ActiveCfg = Debug|Any CPU
		{E202CC45-4341-4870-A559-C6B50299BCEA}.Debug|Any CPU.Build.0 = Debug|Any CPU
		{E202CC45-4341-4870-A559-C6B50299BCEA}.Release|Any CPU.ActiveCfg = Release|Any CPU
		{E202CC45-4341-4870-A559-C6B50299BCEA}.Release|Any CPU.Build.0 = Release|Any CPU
	EndGlobalSection
	GlobalSection(SolutionProperties) = preSolution
		HideSolutionNode = FALSE
	EndGlobalSection
	GlobalSection(ExtensibilityGlobals) = postSolution
		SolutionGuid = {57FCFAF0-FD9F-42A5-87A3-FFC4288D6A77}
	EndGlobalSection
EndGlobal
